
Microsoft Visual Studio Solution File, Format Version 12.00
# Visual Studio Version 17
VisualStudioVersion = 17.1.32210.238
MinimumVisualStudioVersion = 10.0.40219.1
Project("{9A19103F-16F7-4668-BE54-9A1E7A4F7556}") = "CompositionRoot", "CompositionRoot\CompositionRoot.csproj", "{91A0D012-7571-4C9E-95DE-2B46B05E049C}"
EndProject
Project("{9A19103F-16F7-4668-BE54-9A1E7A4F7556}") = "DataAccess", "DataAccess\DataAccess.csproj", "{69A7DB11-BF7C-48C0-A80C-80587EEE7A2E}"
EndProject
Project("{9A19103F-16F7-4668-BE54-9A1E7A4F7556}") = "Domain", "Domain\Domain.csproj", "{216DD889-0C9B-4BB2-A902-7BEB1A234DDF}"
EndProject
Project("{9A19103F-16F7-4668-BE54-9A1E7A4F7556}") = "BusinessLogic", "BusinessLogic\BusinessLogic.csproj", "{14E6F15E-9E1A-43E7-BEF8-BFC94DF09CB5}"
EndProject
Project("{FAE04EC0-301F-11D3-BF4B-00C04F79EFBC}") = "MusicWebApp", "MusicWebApp\MusicWebApp.csproj", "{FEDCCB0E-F08C-44D3-8D60-4BC971620C8C}"
EndProject
Global
	GlobalSection(SolutionConfigurationPlatforms) = preSolution
		Debug|Any CPU = Debug|Any CPU
		Release|Any CPU = Release|Any CPU
	EndGlobalSection
	GlobalSection(ProjectConfigurationPlatforms) = postSolution
		{91A0D012-7571-4C9E-95DE-2B46B05E049C}.Debug|Any CPU.ActiveCfg = Debug|Any CPU
		{91A0D012-7571-4C9E-95DE-2B46B05E049C}.Debug|Any CPU.Build.0 = Debug|Any CPU
		{91A0D012-7571-4C9E-95DE-2B46B05E049C}.Release|Any CPU.ActiveCfg = Release|Any CPU
		{91A0D012-7571-4C9E-95DE-2B46B05E049C}.Release|Any CPU.Build.0 = Release|Any CPU
		{69A7DB11-BF7C-48C0-A80C-80587EEE7A2E}.Debug|Any CPU.ActiveCfg = Debug|Any CPU
		{69A7DB11-BF7C-48C0-A80C-80587EEE7A2E}.Debug|Any CPU.Build.0 = Debug|Any CPU
		{69A7DB11-BF7C-48C0-A80C-80587EEE7A2E}.Release|Any CPU.ActiveCfg = Release|Any CPU
		{69A7DB11-BF7C-48C0-A80C-80587EEE7A2E}.Release|Any CPU.Build.0 = Release|Any CPU
		{216DD889-0C9B-4BB2-A902-7BEB1A234DDF}.Debug|Any CPU.ActiveCfg = Debug|Any CPU
		{216DD889-0C9B-4BB2-A902-7BEB1A234DDF}.Debug|Any CPU.Build.0 = Debug|Any CPU
		{216DD889-0C9B-4BB2-A902-7BEB1A234DDF}.Release|Any CPU.ActiveCfg = Release|Any CPU
		{216DD889-0C9B-4BB2-A902-7BEB1A234DDF}.Release|Any CPU.Build.0 = Release|Any CPU
		{14E6F15E-9E1A-43E7-BEF8-BFC94DF09CB5}.Debug|Any CPU.ActiveCfg = Debug|Any CPU
		{14E6F15E-9E1A-43E7-BEF8-BFC94DF09CB5}.Debug|Any CPU.Build.0 = Debug|Any CPU
		{14E6F15E-9E1A-43E7-BEF8-BFC94DF09CB5}.Release|Any CPU.ActiveCfg = Release|Any CPU
		{14E6F15E-9E1A-43E7-BEF8-BFC94DF09CB5}.Release|Any CPU.Build.0 = Release|Any CPU
		{FEDCCB0E-F08C-44D3-8D60-4BC971620C8C}.Debug|Any CPU.ActiveCfg = Debug|Any CPU
		{FEDCCB0E-F08C-44D3-8D60-4BC971620C8C}.Debug|Any CPU.Build.0 = Debug|Any CPU
		{FEDCCB0E-F08C-44D3-8D60-4BC971620C8C}.Release|Any CPU.ActiveCfg = Release|Any CPU
		{FEDCCB0E-F08C-44D3-8D60-4BC971620C8C}.Release|Any CPU.Build.0 = Release|Any CPU
	EndGlobalSection
	GlobalSection(SolutionProperties) = preSolution
		HideSolutionNode = FALSE
	EndGlobalSection
	GlobalSection(ExtensibilityGlobals) = postSolution
		SolutionGuid = {36396411-EA8C-4097-8A11-5B05938C6AC5}
	EndGlobalSection
EndGlobal
